
Microsoft Visual Studio Solution File, Format Version 12.00
# Visual Studio 14
VisualStudioVersion = 14.0.25420.1
MinimumVisualStudioVersion = 10.0.40219.1
Project("{8BC9CEB8-8B4A-11D0-8D11-00A0C91BC942}") = "Project3", "\\shr-student-p01\high schools\allen high school\2019\228477\documents\visual studio 2015\Projects\Project3\Project3\Project3.vcxproj", "{30D4499C-2F8F-4251-9B3F-159920EF5355}"
EndProject
Global
	GlobalSection(SolutionConfigurationPlatforms) = preSolution
		Debug|x64 = Debug|x64
		Debug|x86 = Debug|x86
		Release|x64 = Release|x64
		Release|x86 = Release|x86
	EndGlobalSection
	GlobalSection(ProjectConfigurationPlatforms) = postSolution
		{30D4499C-2F8F-4251-9B3F-159920EF5355}.Debug|x64.ActiveCfg = Debug|x64
		{30D4499C-2F8F-4251-9B3F-159920EF5355}.Debug|x64.Build.0 = Debug|x64
		{30D4499C-2F8F-4251-9B3F-159920EF5355}.Debug|x86.ActiveCfg = Debug|Win32
		{30D4499C-2F8F-4251-9B3F-159920EF5355}.Debug|x86.Build.0 = Debug|Win32
		{30D4499C-2F8F-4251-9B3F-159920EF5355}.Release|x64.ActiveCfg = Release|x64
		{30D4499C-2F8F-4251-9B3F-159920EF5355}.Release|x64.Build.0 = Release|x64
		{30D4499C-2F8F-4251-9B3F-159920EF5355}.Release|x86.ActiveCfg = Release|Win32
		{30D4499C-2F8F-4251-9B3F-159920EF5355}.Release|x86.Build.0 = Release|Win32
	EndGlobalSection
	GlobalSection(SolutionProperties) = preSolution
		HideSolutionNode = FALSE
	EndGlobalSection
EndGlobal
